// !$*UTF8*$!
{
	archiveVersion = 1;
	classes = {
	};
	objectVersion = 56;
	objects = {

/* Begin PBXBuildFile section */
		AF40BD48296D92CE0081096A /* AppDelegate.swift in Sources */ = {isa = PBXBuildFile; fileRef = AF40BD47296D92CE0081096A /* AppDelegate.swift */; };
		AF40BD4A296D92CE0081096A /* SceneDelegate.swift in Sources */ = {isa = PBXBuildFile; fileRef = AF40BD49296D92CE0081096A /* SceneDelegate.swift */; };
		AF40BD4C296D92CE0081096A /* ViewController.swift in Sources */ = {isa = PBXBuildFile; fileRef = AF40BD4B296D92CE0081096A /* ViewController.swift */; };
		AF40BD4F296D92CE0081096A /* Main.storyboard in Resources */ = {isa = PBXBuildFile; fileRef = AF40BD4D296D92CE0081096A /* Main.storyboard */; };
		AF40BD51296D92D00081096A /* Assets.xcassets in Resources */ = {isa = PBXBuildFile; fileRef = AF40BD50296D92D00081096A /* Assets.xcassets */; };
		AF40BD54296D92D00081096A /* LaunchScreen.storyboard in Resources */ = {isa = PBXBuildFile; fileRef = AF40BD52296D92D00081096A /* LaunchScreen.storyboard */; };
		AF40BD60296DDB810081096A /* ShadowView.swift in Sources */ = {isa = PBXBuildFile; fileRef = AF40BD5F296DDB810081096A /* ShadowView.swift */; };
		AF40BD62296DE0A80081096A /* UNService.swift in Sources */ = {isa = PBXBuildFile; fileRef = AF40BD61296DE0A80081096A /* UNService.swift */; };
/* End PBXBuildFile section */

/* Begin PBXFileReference section */
		AF40BD44296D92CE0081096A /* Remind.app */ = {isa = PBXFileReference; explicitFileType = wrapper.application; includeInIndex = 0; path = Remind.app; sourceTree = BUILT_PRODUCTS_DIR; };
		AF40BD47296D92CE0081096A /* AppDelegate.swift */ = {isa = PBXFileReference; lastKnownFileType = sourcecode.swift; path = AppDelegate.swift; sourceTree = "<group>"; };
		AF40BD49296D92CE0081096A /* SceneDelegate.swift */ = {isa = PBXFileReference; lastKnownFileType = sourcecode.swift; path = SceneDelegate.swift; sourceTree = "<group>"; };
		AF40BD4B296D92CE0081096A /* ViewController.swift */ = {isa = PBXFileReference; lastKnownFileType = sourcecode.swift; path = ViewController.swift; sourceTree = "<group>"; };
		AF40BD4E296D92CE0081096A /* Base */ = {isa = PBXFileReference; lastKnownFileType = file.storyboard; name = Base; path = Base.lproj/Main.storyboard; sourceTree = "<group>"; };
		AF40BD50296D92D00081096A /* Assets.xcassets */ = {isa = PBXFileReference; lastKnownFileType = folder.assetcatalog; path = Assets.xcassets; sourceTree = "<group>"; };
		AF40BD53296D92D00081096A /* Base */ = {isa = PBXFileReference; lastKnownFileType = file.storyboard; name = Base; path = Base.lproj/LaunchScreen.storyboard; sourceTree = "<group>"; };
		AF40BD55296D92D00081096A /* Info.plist */ = {isa = PBXFileReference; lastKnownFileType = text.plist.xml; path = Info.plist; sourceTree = "<group>"; };
		AF40BD5F296DDB810081096A /* ShadowView.swift */ = {isa = PBXFileReference; lastKnownFileType = sourcecode.swift; path = ShadowView.swift; sourceTree = "<group>"; };
		AF40BD61296DE0A80081096A /* UNService.swift */ = {isa = PBXFileReference; lastKnownFileType = sourcecode.swift; path = UNService.swift; sourceTree = "<group>"; };
/* End PBXFileReference section */

/* Begin PBXFrameworksBuildPhase section */
		AF40BD41296D92CE0081096A /* Frameworks */ = {
			isa = PBXFrameworksBuildPhase;
			buildActionMask = 2147483647;
			files = (
			);
			runOnlyForDeploymentPostprocessing = 0;
		};
/* End PBXFrameworksBuildPhase section */

/* Begin PBXGroup section */
		AF40BD3B296D92CE0081096A = {
			isa = PBXGroup;
			children = (
				AF40BD46296D92CE0081096A /* Remind */,
				AF40BD45296D92CE0081096A /* Products */,
			);
			sourceTree = "<group>";
		};
		AF40BD45296D92CE0081096A /* Products */ = {
			isa = PBXGroup;
			children = (
				AF40BD44296D92CE0081096A /* Remind.app */,
			);
			name = Products;
			sourceTree = "<group>";
		};
		AF40BD46296D92CE0081096A /* Remind */ = {
			isa = PBXGroup;
			children = (
				AF40BD55296D92D00081096A /* Info.plist */,
				AF40BD5E296DDA880081096A /* Model */,
				AF40BD5D296DDA800081096A /* View */,
				AF40BD5C296DDA770081096A /* Controller */,
				AF40BD5B296DDA6F0081096A /* Service */,
				AF40BD49296D92CE0081096A /* SceneDelegate.swift */,
			);
			path = Remind;
			sourceTree = "<group>";
		};
		AF40BD5B296DDA6F0081096A /* Service */ = {
			isa = PBXGroup;
			children = (
				AF40BD61296DE0A80081096A /* UNService.swift */,
			);
			path = Service;
			sourceTree = "<group>";
		};
		AF40BD5C296DDA770081096A /* Controller */ = {
			isa = PBXGroup;
			children = (
				AF40BD47296D92CE0081096A /* AppDelegate.swift */,
				AF40BD4B296D92CE0081096A /* ViewController.swift */,
			);
			path = Controller;
			sourceTree = "<group>";
		};
		AF40BD5D296DDA800081096A /* View */ = {
			isa = PBXGroup;
			children = (
				AF40BD50296D92D00081096A /* Assets.xcassets */,
				AF40BD52296D92D00081096A /* LaunchScreen.storyboard */,
				AF40BD4D296D92CE0081096A /* Main.storyboard */,
				AF40BD5F296DDB810081096A /* ShadowView.swift */,
			);
			path = View;
			sourceTree = "<group>";
		};
		AF40BD5E296DDA880081096A /* Model */ = {
			isa = PBXGroup;
			children = (
			);
			path = Model;
			sourceTree = "<group>";
		};
/* End PBXGroup section */

/* Begin PBXNativeTarget section */
		AF40BD43296D92CE0081096A /* Remind */ = {
			isa = PBXNativeTarget;
			buildConfigurationList = AF40BD58296D92D00081096A /* Build configuration list for PBXNativeTarget "Remind" */;
			buildPhases = (
				AF40BD40296D92CE0081096A /* Sources */,
				AF40BD41296D92CE0081096A /* Frameworks */,
				AF40BD42296D92CE0081096A /* Resources */,
			);
			buildRules = (
			);
			dependencies = (
			);
			name = Remind;
			productName = Remind;
			productReference = AF40BD44296D92CE0081096A /* Remind.app */;
			productType = "com.apple.product-type.application";
		};
/* End PBXNativeTarget section */

/* Begin PBXProject section */
		AF40BD3C296D92CE0081096A /* Project object */ = {
			isa = PBXProject;
			attributes = {
				BuildIndependentTargetsInParallel = 1;
				LastSwiftUpdateCheck = 1410;
				LastUpgradeCheck = 1410;
				TargetAttributes = {
					AF40BD43296D92CE0081096A = {
						CreatedOnToolsVersion = 14.1;
					};
				};
			};
			buildConfigurationList = AF40BD3F296D92CE0081096A /* Build configuration list for PBXProject "Remind" */;
			compatibilityVersion = "Xcode 14.0";
			developmentRegion = en;
			hasScannedForEncodings = 0;
			knownRegions = (
				en,
				Base,
			);
			mainGroup = AF40BD3B296D92CE0081096A;
			productRefGroup = AF40BD45296D92CE0081096A /* Products */;
			projectDirPath = "";
			projectRoot = "";
			targets = (
				AF40BD43296D92CE0081096A /* Remind */,
			);
		};
/* End PBXProject section */

/* Begin PBXResourcesBuildPhase section */
		AF40BD42296D92CE0081096A /* Resources */ = {
			isa = PBXResourcesBuildPhase;
			buildActionMask = 2147483647;
			files = (
				AF40BD54296D92D00081096A /* LaunchScreen.storyboard in Resources */,
				AF40BD51296D92D00081096A /* Assets.xcassets in Resources */,
				AF40BD4F296D92CE0081096A /* Main.storyboard in Resources */,
			);
			runOnlyForDeploymentPostprocessing = 0;
		};
/* End PBXResourcesBuildPhase section */

/* Begin PBXSourcesBuildPhase section */
		AF40BD40296D92CE0081096A /* Sources */ = {
			isa = PBXSourcesBuildPhase;
			buildActionMask = 2147483647;
			files = (
				AF40BD60296DDB810081096A /* ShadowView.swift in Sources */,
				AF40BD4C296D92CE0081096A /* ViewController.swift in Sources */,
				AF40BD48296D92CE0081096A /* AppDelegate.swift in Sources */,
				AF40BD4A296D92CE0081096A /* SceneDelegate.swift in Sources */,
				AF40BD62296DE0A80081096A /* UNService.swift in Sources */,
			);
			runOnlyForDeploymentPostprocessing = 0;
		};
/* End PBXSourcesBuildPhase section */

/* Begin PBXVariantGroup section */
		AF40BD4D296D92CE0081096A /* Main.storyboard */ = {
			isa = PBXVariantGroup;
			children = (
				AF40BD4E296D92CE0081096A /* Base */,
			);
			name = Main.storyboard;
			sourceTree = "<group>";
		};
		AF40BD52296D92D00081096A /* LaunchScreen.storyboard */ = {
			isa = PBXVariantGroup;
			children = (
				AF40BD53296D92D00081096A /* Base */,
			);
			name = LaunchScreen.storyboard;
			sourceTree = "<group>";
		};
/* End PBXVariantGroup section */

/* Begin XCBuildConfiguration section */
		AF40BD56296D92D00081096A /* Debug */ = {
			isa = XCBuildConfiguration;
			buildSettings = {
				ALWAYS_SEARCH_USER_PATHS = NO;
				CLANG_ANALYZER_NONNULL = YES;
				CLANG_ANALYZER_NUMBER_OBJECT_CONVERSION = YES_AGGRESSIVE;
				CLANG_CXX_LANGUAGE_STANDARD = "gnu++20";
				CLANG_ENABLE_MODULES = YES;
				CLANG_ENABLE_OBJC_ARC = YES;
				CLANG_ENABLE_OBJC_WEAK = YES;
				CLANG_WARN_BLOCK_CAPTURE_AUTORELEASING = YES;
				CLANG_WARN_BOOL_CONVERSION = YES;
				CLANG_WARN_COMMA = YES;
				CLANG_WARN_CONSTANT_CONVERSION = YES;
				CLANG_WARN_DEPRECATED_OBJC_IMPLEMENTATIONS = YES;
				CLANG_WARN_DIRECT_OBJC_ISA_USAGE = YES_ERROR;
				CLANG_WARN_DOCUMENTATION_COMMENTS = YES;
				CLANG_WARN_EMPTY_BODY = YES;
				CLANG_WARN_ENUM_CONVERSION = YES;
				CLANG_WARN_INFINITE_RECURSION = YES;
				CLANG_WARN_INT_CONVERSION = YES;
				CLANG_WARN_NON_LITERAL_NULL_CONVERSION = YES;
				CLANG_WARN_OBJC_IMPLICIT_RETAIN_SELF = YES;
				CLANG_WARN_OBJC_LITERAL_CONVERSION = YES;
				CLANG_WARN_OBJC_ROOT_CLASS = YES_ERROR;
				CLANG_WARN_QUOTED_INCLUDE_IN_FRAMEWORK_HEADER = YES;
				CLANG_WARN_RANGE_LOOP_ANALYSIS = YES;
				CLANG_WARN_STRICT_PROTOTYPES = YES;
				CLANG_WARN_SUSPICIOUS_MOVE = YES;
				CLANG_WARN_UNGUARDED_AVAILABILITY = YES_AGGRESSIVE;
				CLANG_WARN_UNREACHABLE_CODE = YES;
				CLANG_WARN__DUPLICATE_METHOD_MATCH = YES;
				COPY_PHASE_STRIP = NO;
				DEBUG_INFORMATION_FORMAT = dwarf;
				ENABLE_STRICT_OBJC_MSGSEND = YES;
				ENABLE_TESTABILITY = YES;
				GCC_C_LANGUAGE_STANDARD = gnu11;
				GCC_DYNAMIC_NO_PIC = NO;
				GCC_NO_COMMON_BLOCKS = YES;
				GCC_OPTIMIZATION_LEVEL = 0;
				GCC_PREPROCESSOR_DEFINITIONS = (
					"DEBUG=1",
					"$(inherited)",
				);
				GCC_WARN_64_TO_32_BIT_CONVERSION = YES;
				GCC_WARN_ABOUT_RETURN_TYPE = YES_ERROR;
				GCC_WARN_UNDECLARED_SELECTOR = YES;
				GCC_WARN_UNINITIALIZED_AUTOS = YES_AGGRESSIVE;
				GCC_WARN_UNUSED_FUNCTION = YES;
				GCC_WARN_UNUSED_VARIABLE = YES;
				IPHONEOS_DEPLOYMENT_TARGET = 16.1;
				MTL_ENABLE_DEBUG_INFO = INCLUDE_SOURCE;
				MTL_FAST_MATH = YES;
				ONLY_ACTIVE_ARCH = YES;
				SDKROOT = iphoneos;
				SWIFT_ACTIVE_COMPILATION_CONDITIONS = DEBUG;
				SWIFT_OPTIMIZATION_LEVEL = "-Onone";
			};
			name = Debug;
		};
		AF40BD57296D92D00081096A /* Release */ = {
			isa = XCBuildConfiguration;
			buildSettings = {
				ALWAYS_SEARCH_USER_PATHS = NO;
				CLANG_ANALYZER_NONNULL = YES;
				CLANG_ANALYZER_NUMBER_OBJECT_CONVERSION = YES_AGGRESSIVE;
				CLANG_CXX_LANGUAGE_STANDARD = "gnu++20";
				CLANG_ENABLE_MODULES = YES;
				CLANG_ENABLE_OBJC_ARC = YES;
				CLANG_ENABLE_OBJC_WEAK = YES;
				CLANG_WARN_BLOCK_CAPTURE_AUTORELEASING = YES;
				CLANG_WARN_BOOL_CONVERSION = YES;
				CLANG_WARN_COMMA = YES;
				CLANG_WARN_CONSTANT_CONVERSION = YES;
				CLANG_WARN_DEPRECATED_OBJC_IMPLEMENTATIONS = YES;
				CLANG_WARN_DIRECT_OBJC_ISA_USAGE = YES_ERROR;
				CLANG_WARN_DOCUMENTATION_COMMENTS = YES;
				CLANG_WARN_EMPTY_BODY = YES;
				CLANG_WARN_ENUM_CONVERSION = YES;
				CLANG_WARN_INFINITE_RECURSION = YES;
				CLANG_WARN_INT_CONVERSION = YES;
				CLANG_WARN_NON_LITERAL_NULL_CONVERSION = YES;
				CLANG_WARN_OBJC_IMPLICIT_RETAIN_SELF = YES;
				CLANG_WARN_OBJC_LITERAL_CONVERSION = YES;
				CLANG_WARN_OBJC_ROOT_CLASS = YES_ERROR;
				CLANG_WARN_QUOTED_INCLUDE_IN_FRAMEWORK_HEADER = YES;
				CLANG_WARN_RANGE_LOOP_ANALYSIS = YES;
				CLANG_WARN_STRICT_PROTOTYPES = YES;
				CLANG_WARN_SUSPICIOUS_MOVE = YES;
				CLANG_WARN_UNGUARDED_AVAILABILITY = YES_AGGRESSIVE;
				CLANG_WARN_UNREACHABLE_CODE = YES;
				CLANG_WARN__DUPLICATE_METHOD_MATCH = YES;
				COPY_PHASE_STRIP = NO;
				DEBUG_INFORMATION_FORMAT = "dwarf-with-dsym";
				ENABLE_NS_ASSERTIONS = NO;
				ENABLE_STRICT_OBJC_MSGSEND = YES;
				GCC_C_LANGUAGE_STANDARD = gnu11;
				GCC_NO_COMMON_BLOCKS = YES;
				GCC_WARN_64_TO_32_BIT_CONVERSION = YES;
				GCC_WARN_ABOUT_RETURN_TYPE = YES_ERROR;
				GCC_WARN_UNDECLARED_SELECTOR = YES;
				GCC_WARN_UNINITIALIZED_AUTOS = YES_AGGRESSIVE;
				GCC_WARN_UNUSED_FUNCTION = YES;
				GCC_WARN_UNUSED_VARIABLE = YES;
				IPHONEOS_DEPLOYMENT_TARGET = 16.1;
				MTL_ENABLE_DEBUG_INFO = NO;
				MTL_FAST_MATH = YES;
				SDKROOT = iphoneos;
				SWIFT_COMPILATION_MODE = wholemodule;
				SWIFT_OPTIMIZATION_LEVEL = "-O";
				VALIDATE_PRODUCT = YES;
			};
			name = Release;
		};
		AF40BD59296D92D00081096A /* Debug */ = {
			isa = XCBuildConfiguration;
			buildSettings = {
				ASSETCATALOG_COMPILER_APPICON_NAME = AppIcon;
				ASSETCATALOG_COMPILER_GLOBAL_ACCENT_COLOR_NAME = AccentColor;
				CODE_SIGN_STYLE = Automatic;
				CURRENT_PROJECT_VERSION = 1;
				DEVELOPMENT_TEAM = 7LB3AU4D4Q;
				GENERATE_INFOPLIST_FILE = YES;
				INFOPLIST_FILE = Remind/Info.plist;
				INFOPLIST_KEY_UIApplicationSupportsIndirectInputEvents = YES;
				INFOPLIST_KEY_UILaunchStoryboardName = LaunchScreen;
				INFOPLIST_KEY_UIMainStoryboardFile = Main;
				INFOPLIST_KEY_UISupportedInterfaceOrientations_iPad = "UIInterfaceOrientationPortrait UIInterfaceOrientationPortraitUpsideDown UIInterfaceOrientationLandscapeLeft UIInterfaceOrientationLandscapeRight";
				INFOPLIST_KEY_UISupportedInterfaceOrientations_iPhone = "UIInterfaceOrientationPortrait UIInterfaceOrientationLandscapeLeft UIInterfaceOrientationLandscapeRight";
				LD_RUNPATH_SEARCH_PATHS = (
					"$(inherited)",
					"@executable_path/Frameworks",
				);
				MARKETING_VERSION = 1.0;
				PRODUCT_BUNDLE_IDENTIFIER = rahulios.Remind;
				PRODUCT_NAME = "$(TARGET_NAME)";
				SWIFT_EMIT_LOC_STRINGS = YES;
				SWIFT_VERSION = 5.0;
				TARGETED_DEVICE_FAMILY = "1,2";
			};
			name = Debug;
		};
		AF40BD5A296D92D00081096A /* Release */ = {
			isa = XCBuildConfiguration;
			buildSettings = {
				ASSETCATALOG_COMPILER_APPICON_NAME = AppIcon;
				ASSETCATALOG_COMPILER_GLOBAL_ACCENT_COLOR_NAME = AccentColor;
				CODE_SIGN_STYLE = Automatic;
				CURRENT_PROJECT_VERSION = 1;
				DEVELOPMENT_TEAM = 7LB3AU4D4Q;
				GENERATE_INFOPLIST_FILE = YES;
				INFOPLIST_FILE = Remind/Info.plist;
				INFOPLIST_KEY_UIApplicationSupportsIndirectInputEvents = YES;
				INFOPLIST_KEY_UILaunchStoryboardName = LaunchScreen;
				INFOPLIST_KEY_UIMainStoryboardFile = Main;
				INFOPLIST_KEY_UISupportedInterfaceOrientations_iPad = "UIInterfaceOrientationPortrait UIInterfaceOrientationPortraitUpsideDown UIInterfaceOrientationLandscapeLeft UIInterfaceOrientationLandscapeRight";
				INFOPLIST_KEY_UISupportedInterfaceOrientations_iPhone = "UIInterfaceOrientationPortrait UIInterfaceOrientationLandscapeLeft UIInterfaceOrientationLandscapeRight";
				LD_RUNPATH_SEARCH_PATHS = (
					"$(inherited)",
					"@executable_path/Frameworks",
				);
				MARKETING_VERSION = 1.0;
				PRODUCT_BUNDLE_IDENTIFIER = rahulios.Remind;
				PRODUCT_NAME = "$(TARGET_NAME)";
				SWIFT_EMIT_LOC_STRINGS = YES;
				SWIFT_VERSION = 5.0;
				TARGETED_DEVICE_FAMILY = "1,2";
			};
			name = Release;
		};
/* End XCBuildConfiguration section */

/* Begin XCConfigurationList section */
		AF40BD3F296D92CE0081096A /* Build configuration list for PBXProject "Remind" */ = {
			isa = XCConfigurationList;
			buildConfigurations = (
				AF40BD56296D92D00081096A /* Debug */,
				AF40BD57296D92D00081096A /* Release */,
			);
			defaultConfigurationIsVisible = 0;
			defaultConfigurationName = Release;
		};
		AF40BD58296D92D00081096A /* Build configuration list for PBXNativeTarget "Remind" */ = {
			isa = XCConfigurationList;
			buildConfigurations = (
				AF40BD59296D92D00081096A /* Debug */,
				AF40BD5A296D92D00081096A /* Release */,
			);
			defaultConfigurationIsVisible = 0;
			defaultConfigurationName = Release;
		};
/* End XCConfigurationList section */
	};
	rootObject = AF40BD3C296D92CE0081096A /* Project object */;
}
